// !$*UTF8*$!
{
	archiveVersion = 1;
	classes = {
	};
	objectVersion = 50;
	objects = {

/* Begin PBXBuildFile section */
		EF6E488C264129FC0088F834 /* LeetCode_May2021App.swift in Sources */ = {isa = PBXBuildFile; fileRef = EF6E488B264129FC0088F834 /* LeetCode_May2021App.swift */; };
		EF6E488E264129FC0088F834 /* ContentView.swift in Sources */ = {isa = PBXBuildFile; fileRef = EF6E488D264129FC0088F834 /* ContentView.swift */; };
		EF6E4890264129FE0088F834 /* Assets.xcassets in Resources */ = {isa = PBXBuildFile; fileRef = EF6E488F264129FE0088F834 /* Assets.xcassets */; };
		EF6E4893264129FE0088F834 /* Preview Assets.xcassets in Resources */ = {isa = PBXBuildFile; fileRef = EF6E4892264129FE0088F834 /* Preview Assets.xcassets */; };
		EF6E489E264129FE0088F834 /* LeetCode_May2021Tests.swift in Sources */ = {isa = PBXBuildFile; fileRef = EF6E489D264129FE0088F834 /* LeetCode_May2021Tests.swift */; };
		EF6E48A9264129FE0088F834 /* LeetCode_May2021UITests.swift in Sources */ = {isa = PBXBuildFile; fileRef = EF6E48A8264129FE0088F834 /* LeetCode_May2021UITests.swift */; };
		EF6E48B826412A8F0088F834 /* 03.05.2021-RunningSumof1dArray.swift in Sources */ = {isa = PBXBuildFile; fileRef = EF6E48B726412A8F0088F834 /* 03.05.2021-RunningSumof1dArray.swift */; };
		EF6E48BA26412B140088F834 /* RunningSumof1dArrayTests.swift in Sources */ = {isa = PBXBuildFile; fileRef = EF6E48B926412B140088F834 /* RunningSumof1dArrayTests.swift */; };
		EF6E48BC26412CC30088F834 /* 04.05.2021-Non-decreasingArray .swift in Sources */ = {isa = PBXBuildFile; fileRef = EF6E48BB26412CC30088F834 /* 04.05.2021-Non-decreasingArray .swift */; };
		EF6E48BF26412CED0088F834 /* NonDecreasingArrayTests.swift in Sources */ = {isa = PBXBuildFile; fileRef = EF6E48BE26412CED0088F834 /* NonDecreasingArrayTests.swift */; };
/* End PBXBuildFile section */

/* Begin PBXContainerItemProxy section */
		EF6E489A264129FE0088F834 /* PBXContainerItemProxy */ = {
			isa = PBXContainerItemProxy;
			containerPortal = EF6E4880264129FC0088F834 /* Project object */;
			proxyType = 1;
			remoteGlobalIDString = EF6E4887264129FC0088F834;
			remoteInfo = "LeetCode-May2021";
		};
		EF6E48A5264129FE0088F834 /* PBXContainerItemProxy */ = {
			isa = PBXContainerItemProxy;
			containerPortal = EF6E4880264129FC0088F834 /* Project object */;
			proxyType = 1;
			remoteGlobalIDString = EF6E4887264129FC0088F834;
			remoteInfo = "LeetCode-May2021";
		};
/* End PBXContainerItemProxy section */

/* Begin PBXFileReference section */
		EF6E4888264129FC0088F834 /* LeetCode-May2021.app */ = {isa = PBXFileReference; explicitFileType = wrapper.application; includeInIndex = 0; path = "LeetCode-May2021.app"; sourceTree = BUILT_PRODUCTS_DIR; };
		EF6E488B264129FC0088F834 /* LeetCode_May2021App.swift */ = {isa = PBXFileReference; lastKnownFileType = sourcecode.swift; path = LeetCode_May2021App.swift; sourceTree = "<group>"; };
		EF6E488D264129FC0088F834 /* ContentView.swift */ = {isa = PBXFileReference; lastKnownFileType = sourcecode.swift; path = ContentView.swift; sourceTree = "<group>"; };
		EF6E488F264129FE0088F834 /* Assets.xcassets */ = {isa = PBXFileReference; lastKnownFileType = folder.assetcatalog; path = Assets.xcassets; sourceTree = "<group>"; };
		EF6E4892264129FE0088F834 /* Preview Assets.xcassets */ = {isa = PBXFileReference; lastKnownFileType = folder.assetcatalog; path = "Preview Assets.xcassets"; sourceTree = "<group>"; };
		EF6E4894264129FE0088F834 /* Info.plist */ = {isa = PBXFileReference; lastKnownFileType = text.plist.xml; path = Info.plist; sourceTree = "<group>"; };
		EF6E4899264129FE0088F834 /* LeetCode-May2021Tests.xctest */ = {isa = PBXFileReference; explicitFileType = wrapper.cfbundle; includeInIndex = 0; path = "LeetCode-May2021Tests.xctest"; sourceTree = BUILT_PRODUCTS_DIR; };
		EF6E489D264129FE0088F834 /* LeetCode_May2021Tests.swift */ = {isa = PBXFileReference; lastKnownFileType = sourcecode.swift; path = LeetCode_May2021Tests.swift; sourceTree = "<group>"; };
		EF6E489F264129FE0088F834 /* Info.plist */ = {isa = PBXFileReference; lastKnownFileType = text.plist.xml; path = Info.plist; sourceTree = "<group>"; };
		EF6E48A4264129FE0088F834 /* LeetCode-May2021UITests.xctest */ = {isa = PBXFileReference; explicitFileType = wrapper.cfbundle; includeInIndex = 0; path = "LeetCode-May2021UITests.xctest"; sourceTree = BUILT_PRODUCTS_DIR; };
		EF6E48A8264129FE0088F834 /* LeetCode_May2021UITests.swift */ = {isa = PBXFileReference; lastKnownFileType = sourcecode.swift; path = LeetCode_May2021UITests.swift; sourceTree = "<group>"; };
		EF6E48AA264129FE0088F834 /* Info.plist */ = {isa = PBXFileReference; lastKnownFileType = text.plist.xml; path = Info.plist; sourceTree = "<group>"; };
		EF6E48B726412A8F0088F834 /* 03.05.2021-RunningSumof1dArray.swift */ = {isa = PBXFileReference; lastKnownFileType = sourcecode.swift; path = "03.05.2021-RunningSumof1dArray.swift"; sourceTree = "<group>"; };
		EF6E48B926412B140088F834 /* RunningSumof1dArrayTests.swift */ = {isa = PBXFileReference; lastKnownFileType = sourcecode.swift; path = RunningSumof1dArrayTests.swift; sourceTree = "<group>"; };
		EF6E48BB26412CC30088F834 /* 04.05.2021-Non-decreasingArray .swift */ = {isa = PBXFileReference; lastKnownFileType = sourcecode.swift; path = "04.05.2021-Non-decreasingArray .swift"; sourceTree = "<group>"; };
		EF6E48BE26412CED0088F834 /* NonDecreasingArrayTests.swift */ = {isa = PBXFileReference; lastKnownFileType = sourcecode.swift; path = NonDecreasingArrayTests.swift; sourceTree = "<group>"; };
/* End PBXFileReference section */

/* Begin PBXFrameworksBuildPhase section */
		EF6E4885264129FC0088F834 /* Frameworks */ = {
			isa = PBXFrameworksBuildPhase;
			buildActionMask = 2147483647;
			files = (
			);
			runOnlyForDeploymentPostprocessing = 0;
		};
		EF6E4896264129FE0088F834 /* Frameworks */ = {
			isa = PBXFrameworksBuildPhase;
			buildActionMask = 2147483647;
			files = (
			);
			runOnlyForDeploymentPostprocessing = 0;
		};
		EF6E48A1264129FE0088F834 /* Frameworks */ = {
			isa = PBXFrameworksBuildPhase;
			buildActionMask = 2147483647;
			files = (
			);
			runOnlyForDeploymentPostprocessing = 0;
		};
/* End PBXFrameworksBuildPhase section */

/* Begin PBXGroup section */
		EF6E487F264129FC0088F834 = {
			isa = PBXGroup;
			children = (
				EF6E488A264129FC0088F834 /* LeetCode-May2021 */,
				EF6E48B626412A5E0088F834 /* SolutionsMay2021 */,
				EF6E489C264129FE0088F834 /* LeetCode-May2021Tests */,
				EF6E48A7264129FE0088F834 /* LeetCode-May2021UITests */,
				EF6E4889264129FC0088F834 /* Products */,
			);
			sourceTree = "<group>";
		};
		EF6E4889264129FC0088F834 /* Products */ = {
			isa = PBXGroup;
			children = (
				EF6E4888264129FC0088F834 /* LeetCode-May2021.app */,
				EF6E4899264129FE0088F834 /* LeetCode-May2021Tests.xctest */,
				EF6E48A4264129FE0088F834 /* LeetCode-May2021UITests.xctest */,
			);
			name = Products;
			sourceTree = "<group>";
		};
		EF6E488A264129FC0088F834 /* LeetCode-May2021 */ = {
			isa = PBXGroup;
			children = (
				EF6E488B264129FC0088F834 /* LeetCode_May2021App.swift */,
				EF6E488D264129FC0088F834 /* ContentView.swift */,
				EF6E488F264129FE0088F834 /* Assets.xcassets */,
				EF6E4894264129FE0088F834 /* Info.plist */,
				EF6E4891264129FE0088F834 /* Preview Content */,
			);
			path = "LeetCode-May2021";
			sourceTree = "<group>";
		};
		EF6E4891264129FE0088F834 /* Preview Content */ = {
			isa = PBXGroup;
			children = (
				EF6E4892264129FE0088F834 /* Preview Assets.xcassets */,
			);
			path = "Preview Content";
			sourceTree = "<group>";
		};
		EF6E489C264129FE0088F834 /* LeetCode-May2021Tests */ = {
			isa = PBXGroup;
			children = (
				EF6E489D264129FE0088F834 /* LeetCode_May2021Tests.swift */,
				EF6E489F264129FE0088F834 /* Info.plist */,
				EF6E48B926412B140088F834 /* RunningSumof1dArrayTests.swift */,
				EF6E48BE26412CED0088F834 /* NonDecreasingArrayTests.swift */,
			);
			path = "LeetCode-May2021Tests";
			sourceTree = "<group>";
		};
		EF6E48A7264129FE0088F834 /* LeetCode-May2021UITests */ = {
			isa = PBXGroup;
			children = (
				EF6E48A8264129FE0088F834 /* LeetCode_May2021UITests.swift */,
				EF6E48AA264129FE0088F834 /* Info.plist */,
			);
			path = "LeetCode-May2021UITests";
			sourceTree = "<group>";
		};
		EF6E48B626412A5E0088F834 /* SolutionsMay2021 */ = {
			isa = PBXGroup;
			children = (
				EF6E48B726412A8F0088F834 /* 03.05.2021-RunningSumof1dArray.swift */,
				EF6E48BB26412CC30088F834 /* 04.05.2021-Non-decreasingArray .swift */,
			);
			path = SolutionsMay2021;
			sourceTree = "<group>";
		};
/* End PBXGroup section */

/* Begin PBXNativeTarget section */
		EF6E4887264129FC0088F834 /* LeetCode-May2021 */ = {
			isa = PBXNativeTarget;
			buildConfigurationList = EF6E48AD264129FE0088F834 /* Build configuration list for PBXNativeTarget "LeetCode-May2021" */;
			buildPhases = (
				EF6E4884264129FC0088F834 /* Sources */,
				EF6E4885264129FC0088F834 /* Frameworks */,
				EF6E4886264129FC0088F834 /* Resources */,
			);
			buildRules = (
			);
			dependencies = (
			);
			name = "LeetCode-May2021";
			productName = "LeetCode-May2021";
			productReference = EF6E4888264129FC0088F834 /* LeetCode-May2021.app */;
			productType = "com.apple.product-type.application";
		};
		EF6E4898264129FE0088F834 /* LeetCode-May2021Tests */ = {
			isa = PBXNativeTarget;
			buildConfigurationList = EF6E48B0264129FE0088F834 /* Build configuration list for PBXNativeTarget "LeetCode-May2021Tests" */;
			buildPhases = (
				EF6E4895264129FE0088F834 /* Sources */,
				EF6E4896264129FE0088F834 /* Frameworks */,
				EF6E4897264129FE0088F834 /* Resources */,
			);
			buildRules = (
			);
			dependencies = (
				EF6E489B264129FE0088F834 /* PBXTargetDependency */,
			);
			name = "LeetCode-May2021Tests";
			productName = "LeetCode-May2021Tests";
			productReference = EF6E4899264129FE0088F834 /* LeetCode-May2021Tests.xctest */;
			productType = "com.apple.product-type.bundle.unit-test";
		};
		EF6E48A3264129FE0088F834 /* LeetCode-May2021UITests */ = {
			isa = PBXNativeTarget;
			buildConfigurationList = EF6E48B3264129FE0088F834 /* Build configuration list for PBXNativeTarget "LeetCode-May2021UITests" */;
			buildPhases = (
				EF6E48A0264129FE0088F834 /* Sources */,
				EF6E48A1264129FE0088F834 /* Frameworks */,
				EF6E48A2264129FE0088F834 /* Resources */,
			);
			buildRules = (
			);
			dependencies = (
				EF6E48A6264129FE0088F834 /* PBXTargetDependency */,
			);
			name = "LeetCode-May2021UITests";
			productName = "LeetCode-May2021UITests";
			productReference = EF6E48A4264129FE0088F834 /* LeetCode-May2021UITests.xctest */;
			productType = "com.apple.product-type.bundle.ui-testing";
		};
/* End PBXNativeTarget section */

/* Begin PBXProject section */
		EF6E4880264129FC0088F834 /* Project object */ = {
			isa = PBXProject;
			attributes = {
				LastSwiftUpdateCheck = 1250;
				LastUpgradeCheck = 1250;
				TargetAttributes = {
					EF6E4887264129FC0088F834 = {
						CreatedOnToolsVersion = 12.5;
					};
					EF6E4898264129FE0088F834 = {
						CreatedOnToolsVersion = 12.5;
						TestTargetID = EF6E4887264129FC0088F834;
					};
					EF6E48A3264129FE0088F834 = {
						CreatedOnToolsVersion = 12.5;
						TestTargetID = EF6E4887264129FC0088F834;
					};
				};
			};
			buildConfigurationList = EF6E4883264129FC0088F834 /* Build configuration list for PBXProject "LeetCode-May2021" */;
			compatibilityVersion = "Xcode 9.3";
			developmentRegion = en;
			hasScannedForEncodings = 0;
			knownRegions = (
				en,
				Base,
			);
			mainGroup = EF6E487F264129FC0088F834;
			productRefGroup = EF6E4889264129FC0088F834 /* Products */;
			projectDirPath = "";
			projectRoot = "";
			targets = (
				EF6E4887264129FC0088F834 /* LeetCode-May2021 */,
				EF6E4898264129FE0088F834 /* LeetCode-May2021Tests */,
				EF6E48A3264129FE0088F834 /* LeetCode-May2021UITests */,
			);
		};
/* End PBXProject section */

/* Begin PBXResourcesBuildPhase section */
		EF6E4886264129FC0088F834 /* Resources */ = {
			isa = PBXResourcesBuildPhase;
			buildActionMask = 2147483647;
			files = (
				EF6E4893264129FE0088F834 /* Preview Assets.xcassets in Resources */,
				EF6E4890264129FE0088F834 /* Assets.xcassets in Resources */,
			);
			runOnlyForDeploymentPostprocessing = 0;
		};
		EF6E4897264129FE0088F834 /* Resources */ = {
			isa = PBXResourcesBuildPhase;
			buildActionMask = 2147483647;
			files = (
			);
			runOnlyForDeploymentPostprocessing = 0;
		};
		EF6E48A2264129FE0088F834 /* Resources */ = {
			isa = PBXResourcesBuildPhase;
			buildActionMask = 2147483647;
			files = (
			);
			runOnlyForDeploymentPostprocessing = 0;
		};
/* End PBXResourcesBuildPhase section */

/* Begin PBXSourcesBuildPhase section */
		EF6E4884264129FC0088F834 /* Sources */ = {
			isa = PBXSourcesBuildPhase;
			buildActionMask = 2147483647;
			files = (
				EF6E488E264129FC0088F834 /* ContentView.swift in Sources */,
				EF6E48B826412A8F0088F834 /* 03.05.2021-RunningSumof1dArray.swift in Sources */,
				EF6E488C264129FC0088F834 /* LeetCode_May2021App.swift in Sources */,
				EF6E48BC26412CC30088F834 /* 04.05.2021-Non-decreasingArray .swift in Sources */,
			);
			runOnlyForDeploymentPostprocessing = 0;
		};
		EF6E4895264129FE0088F834 /* Sources */ = {
			isa = PBXSourcesBuildPhase;
			buildActionMask = 2147483647;
			files = (
				EF6E48BF26412CED0088F834 /* NonDecreasingArrayTests.swift in Sources */,
				EF6E48BA26412B140088F834 /* RunningSumof1dArrayTests.swift in Sources */,
				EF6E489E264129FE0088F834 /* LeetCode_May2021Tests.swift in Sources */,
			);
			runOnlyForDeploymentPostprocessing = 0;
		};
		EF6E48A0264129FE0088F834 /* Sources */ = {
			isa = PBXSourcesBuildPhase;
			buildActionMask = 2147483647;
			files = (
				EF6E48A9264129FE0088F834 /* LeetCode_May2021UITests.swift in Sources */,
			);
			runOnlyForDeploymentPostprocessing = 0;
		};
/* End PBXSourcesBuildPhase section */

/* Begin PBXTargetDependency section */
		EF6E489B264129FE0088F834 /* PBXTargetDependency */ = {
			isa = PBXTargetDependency;
			target = EF6E4887264129FC0088F834 /* LeetCode-May2021 */;
			targetProxy = EF6E489A264129FE0088F834 /* PBXContainerItemProxy */;
		};
		EF6E48A6264129FE0088F834 /* PBXTargetDependency */ = {
			isa = PBXTargetDependency;
			target = EF6E4887264129FC0088F834 /* LeetCode-May2021 */;
			targetProxy = EF6E48A5264129FE0088F834 /* PBXContainerItemProxy */;
		};
/* End PBXTargetDependency section */

/* Begin XCBuildConfiguration section */
		EF6E48AB264129FE0088F834 /* Debug */ = {
			isa = XCBuildConfiguration;
			buildSettings = {
				ALWAYS_SEARCH_USER_PATHS = NO;
				CLANG_ANALYZER_NONNULL = YES;
				CLANG_ANALYZER_NUMBER_OBJECT_CONVERSION = YES_AGGRESSIVE;
				CLANG_CXX_LANGUAGE_STANDARD = "gnu++14";
				CLANG_CXX_LIBRARY = "libc++";
				CLANG_ENABLE_MODULES = YES;
				CLANG_ENABLE_OBJC_ARC = YES;
				CLANG_ENABLE_OBJC_WEAK = YES;
				CLANG_WARN_BLOCK_CAPTURE_AUTORELEASING = YES;
				CLANG_WARN_BOOL_CONVERSION = YES;
				CLANG_WARN_COMMA = YES;
				CLANG_WARN_CONSTANT_CONVERSION = YES;
				CLANG_WARN_DEPRECATED_OBJC_IMPLEMENTATIONS = YES;
				CLANG_WARN_DIRECT_OBJC_ISA_USAGE = YES_ERROR;
				CLANG_WARN_DOCUMENTATION_COMMENTS = YES;
				CLANG_WARN_EMPTY_BODY = YES;
				CLANG_WARN_ENUM_CONVERSION = YES;
				CLANG_WARN_INFINITE_RECURSION = YES;
				CLANG_WARN_INT_CONVERSION = YES;
				CLANG_WARN_NON_LITERAL_NULL_CONVERSION = YES;
				CLANG_WARN_OBJC_IMPLICIT_RETAIN_SELF = YES;
				CLANG_WARN_OBJC_LITERAL_CONVERSION = YES;
				CLANG_WARN_OBJC_ROOT_CLASS = YES_ERROR;
				CLANG_WARN_QUOTED_INCLUDE_IN_FRAMEWORK_HEADER = YES;
				CLANG_WARN_RANGE_LOOP_ANALYSIS = YES;
				CLANG_WARN_STRICT_PROTOTYPES = YES;
				CLANG_WARN_SUSPICIOUS_MOVE = YES;
				CLANG_WARN_UNGUARDED_AVAILABILITY = YES_AGGRESSIVE;
				CLANG_WARN_UNREACHABLE_CODE = YES;
				CLANG_WARN__DUPLICATE_METHOD_MATCH = YES;
				COPY_PHASE_STRIP = NO;
				DEBUG_INFORMATION_FORMAT = dwarf;
				ENABLE_STRICT_OBJC_MSGSEND = YES;
				ENABLE_TESTABILITY = YES;
				GCC_C_LANGUAGE_STANDARD = gnu11;
				GCC_DYNAMIC_NO_PIC = NO;
				GCC_NO_COMMON_BLOCKS = YES;
				GCC_OPTIMIZATION_LEVEL = 0;
				GCC_PREPROCESSOR_DEFINITIONS = (
					"DEBUG=1",
					"$(inherited)",
				);
				GCC_WARN_64_TO_32_BIT_CONVERSION = YES;
				GCC_WARN_ABOUT_RETURN_TYPE = YES_ERROR;
				GCC_WARN_UNDECLARED_SELECTOR = YES;
				GCC_WARN_UNINITIALIZED_AUTOS = YES_AGGRESSIVE;
				GCC_WARN_UNUSED_FUNCTION = YES;
				GCC_WARN_UNUSED_VARIABLE = YES;
				IPHONEOS_DEPLOYMENT_TARGET = 14.5;
				MTL_ENABLE_DEBUG_INFO = INCLUDE_SOURCE;
				MTL_FAST_MATH = YES;
				ONLY_ACTIVE_ARCH = YES;
				SDKROOT = iphoneos;
				SWIFT_ACTIVE_COMPILATION_CONDITIONS = DEBUG;
				SWIFT_OPTIMIZATION_LEVEL = "-Onone";
			};
			name = Debug;
		};
		EF6E48AC264129FE0088F834 /* Release */ = {
			isa = XCBuildConfiguration;
			buildSettings = {
				ALWAYS_SEARCH_USER_PATHS = NO;
				CLANG_ANALYZER_NONNULL = YES;
				CLANG_ANALYZER_NUMBER_OBJECT_CONVERSION = YES_AGGRESSIVE;
				CLANG_CXX_LANGUAGE_STANDARD = "gnu++14";
				CLANG_CXX_LIBRARY = "libc++";
				CLANG_ENABLE_MODULES = YES;
				CLANG_ENABLE_OBJC_ARC = YES;
				CLANG_ENABLE_OBJC_WEAK = YES;
				CLANG_WARN_BLOCK_CAPTURE_AUTORELEASING = YES;
				CLANG_WARN_BOOL_CONVERSION = YES;
				CLANG_WARN_COMMA = YES;
				CLANG_WARN_CONSTANT_CONVERSION = YES;
				CLANG_WARN_DEPRECATED_OBJC_IMPLEMENTATIONS = YES;
				CLANG_WARN_DIRECT_OBJC_ISA_USAGE = YES_ERROR;
				CLANG_WARN_DOCUMENTATION_COMMENTS = YES;
				CLANG_WARN_EMPTY_BODY = YES;
				CLANG_WARN_ENUM_CONVERSION = YES;
				CLANG_WARN_INFINITE_RECURSION = YES;
				CLANG_WARN_INT_CONVERSION = YES;
				CLANG_WARN_NON_LITERAL_NULL_CONVERSION = YES;
				CLANG_WARN_OBJC_IMPLICIT_RETAIN_SELF = YES;
				CLANG_WARN_OBJC_LITERAL_CONVERSION = YES;
				CLANG_WARN_OBJC_ROOT_CLASS = YES_ERROR;
				CLANG_WARN_QUOTED_INCLUDE_IN_FRAMEWORK_HEADER = YES;
				CLANG_WARN_RANGE_LOOP_ANALYSIS = YES;
				CLANG_WARN_STRICT_PROTOTYPES = YES;
				CLANG_WARN_SUSPICIOUS_MOVE = YES;
				CLANG_WARN_UNGUARDED_AVAILABILITY = YES_AGGRESSIVE;
				CLANG_WARN_UNREACHABLE_CODE = YES;
				CLANG_WARN__DUPLICATE_METHOD_MATCH = YES;
				COPY_PHASE_STRIP = NO;
				DEBUG_INFORMATION_FORMAT = "dwarf-with-dsym";
				ENABLE_NS_ASSERTIONS = NO;
				ENABLE_STRICT_OBJC_MSGSEND = YES;
				GCC_C_LANGUAGE_STANDARD = gnu11;
				GCC_NO_COMMON_BLOCKS = YES;
				GCC_WARN_64_TO_32_BIT_CONVERSION = YES;
				GCC_WARN_ABOUT_RETURN_TYPE = YES_ERROR;
				GCC_WARN_UNDECLARED_SELECTOR = YES;
				GCC_WARN_UNINITIALIZED_AUTOS = YES_AGGRESSIVE;
				GCC_WARN_UNUSED_FUNCTION = YES;
				GCC_WARN_UNUSED_VARIABLE = YES;
				IPHONEOS_DEPLOYMENT_TARGET = 14.5;
				MTL_ENABLE_DEBUG_INFO = NO;
				MTL_FAST_MATH = YES;
				SDKROOT = iphoneos;
				SWIFT_COMPILATION_MODE = wholemodule;
				SWIFT_OPTIMIZATION_LEVEL = "-O";
				VALIDATE_PRODUCT = YES;
			};
			name = Release;
		};
		EF6E48AE264129FE0088F834 /* Debug */ = {
			isa = XCBuildConfiguration;
			buildSettings = {
				ASSETCATALOG_COMPILER_APPICON_NAME = AppIcon;
				ASSETCATALOG_COMPILER_GLOBAL_ACCENT_COLOR_NAME = AccentColor;
				CODE_SIGN_STYLE = Automatic;
				DEVELOPMENT_ASSET_PATHS = "\"LeetCode-May2021/Preview Content\"";
				DEVELOPMENT_TEAM = 35PC2LS4QK;
				ENABLE_PREVIEWS = YES;
				INFOPLIST_FILE = "LeetCode-May2021/Info.plist";
				IPHONEOS_DEPLOYMENT_TARGET = 14.0;
				LD_RUNPATH_SEARCH_PATHS = (
					"$(inherited)",
					"@executable_path/Frameworks",
				);
				PRODUCT_BUNDLE_IDENTIFIER = "com.opj.LeetCode-May2021";
				PRODUCT_NAME = "$(TARGET_NAME)";
				SWIFT_VERSION = 5.0;
				TARGETED_DEVICE_FAMILY = "1,2";
			};
			name = Debug;
		};
		EF6E48AF264129FE0088F834 /* Release */ = {
			isa = XCBuildConfiguration;
			buildSettings = {
				ASSETCATALOG_COMPILER_APPICON_NAME = AppIcon;
				ASSETCATALOG_COMPILER_GLOBAL_ACCENT_COLOR_NAME = AccentColor;
				CODE_SIGN_STYLE = Automatic;
				DEVELOPMENT_ASSET_PATHS = "\"LeetCode-May2021/Preview Content\"";
				DEVELOPMENT_TEAM = 35PC2LS4QK;
				ENABLE_PREVIEWS = YES;
				INFOPLIST_FILE = "LeetCode-May2021/Info.plist";
				IPHONEOS_DEPLOYMENT_TARGET = 14.0;
				LD_RUNPATH_SEARCH_PATHS = (
					"$(inherited)",
					"@executable_path/Frameworks",
				);
				PRODUCT_BUNDLE_IDENTIFIER = "com.opj.LeetCode-May2021";
				PRODUCT_NAME = "$(TARGET_NAME)";
				SWIFT_VERSION = 5.0;
				TARGETED_DEVICE_FAMILY = "1,2";
			};
			name = Release;
		};
		EF6E48B1264129FE0088F834 /* Debug */ = {
			isa = XCBuildConfiguration;
			buildSettings = {
				ALWAYS_EMBED_SWIFT_STANDARD_LIBRARIES = YES;
				BUNDLE_LOADER = "$(TEST_HOST)";
				CODE_SIGN_STYLE = Automatic;
				DEVELOPMENT_TEAM = 35PC2LS4QK;
				INFOPLIST_FILE = "LeetCode-May2021Tests/Info.plist";
				IPHONEOS_DEPLOYMENT_TARGET = 14.0;
				LD_RUNPATH_SEARCH_PATHS = (
					"$(inherited)",
					"@executable_path/Frameworks",
					"@loader_path/Frameworks",
				);
				PRODUCT_BUNDLE_IDENTIFIER = "com.opj.LeetCode-May2021Tests";
				PRODUCT_NAME = "$(TARGET_NAME)";
				SWIFT_VERSION = 5.0;
				TARGETED_DEVICE_FAMILY = "1,2";
				TEST_HOST = "$(BUILT_PRODUCTS_DIR)/LeetCode-May2021.app/LeetCode-May2021";
			};
			name = Debug;
		};
		EF6E48B2264129FE0088F834 /* Release */ = {
			isa = XCBuildConfiguration;
			buildSettings = {
				ALWAYS_EMBED_SWIFT_STANDARD_LIBRARIES = YES;
				BUNDLE_LOADER = "$(TEST_HOST)";
				CODE_SIGN_STYLE = Automatic;
				DEVELOPMENT_TEAM = 35PC2LS4QK;
				INFOPLIST_FILE = "LeetCode-May2021Tests/Info.plist";
				IPHONEOS_DEPLOYMENT_TARGET = 14.0;
				LD_RUNPATH_SEARCH_PATHS = (
					"$(inherited)",
					"@executable_path/Frameworks",
					"@loader_path/Frameworks",
				);
				PRODUCT_BUNDLE_IDENTIFIER = "com.opj.LeetCode-May2021Tests";
				PRODUCT_NAME = "$(TARGET_NAME)";
				SWIFT_VERSION = 5.0;
				TARGETED_DEVICE_FAMILY = "1,2";
				TEST_HOST = "$(BUILT_PRODUCTS_DIR)/LeetCode-May2021.app/LeetCode-May2021";
			};
			name = Release;
		};
		EF6E48B4264129FE0088F834 /* Debug */ = {
			isa = XCBuildConfiguration;
			buildSettings = {
				ALWAYS_EMBED_SWIFT_STANDARD_LIBRARIES = YES;
				CODE_SIGN_STYLE = Automatic;
				DEVELOPMENT_TEAM = 35PC2LS4QK;
				INFOPLIST_FILE = "LeetCode-May2021UITests/Info.plist";
				LD_RUNPATH_SEARCH_PATHS = (
					"$(inherited)",
					"@executable_path/Frameworks",
					"@loader_path/Frameworks",
				);
				PRODUCT_BUNDLE_IDENTIFIER = "com.opj.LeetCode-May2021UITests";
				PRODUCT_NAME = "$(TARGET_NAME)";
				SWIFT_VERSION = 5.0;
				TARGETED_DEVICE_FAMILY = "1,2";
				TEST_TARGET_NAME = "LeetCode-May2021";
			};
			name = Debug;
		};
		EF6E48B5264129FE0088F834 /* Release */ = {
			isa = XCBuildConfiguration;
			buildSettings = {
				ALWAYS_EMBED_SWIFT_STANDARD_LIBRARIES = YES;
				CODE_SIGN_STYLE = Automatic;
				DEVELOPMENT_TEAM = 35PC2LS4QK;
				INFOPLIST_FILE = "LeetCode-May2021UITests/Info.plist";
				LD_RUNPATH_SEARCH_PATHS = (
					"$(inherited)",
					"@executable_path/Frameworks",
					"@loader_path/Frameworks",
				);
				PRODUCT_BUNDLE_IDENTIFIER = "com.opj.LeetCode-May2021UITests";
				PRODUCT_NAME = "$(TARGET_NAME)";
				SWIFT_VERSION = 5.0;
				TARGETED_DEVICE_FAMILY = "1,2";
				TEST_TARGET_NAME = "LeetCode-May2021";
			};
			name = Release;
		};
/* End XCBuildConfiguration section */

/* Begin XCConfigurationList section */
		EF6E4883264129FC0088F834 /* Build configuration list for PBXProject "LeetCode-May2021" */ = {
			isa = XCConfigurationList;
			buildConfigurations = (
				EF6E48AB264129FE0088F834 /* Debug */,
				EF6E48AC264129FE0088F834 /* Release */,
			);
			defaultConfigurationIsVisible = 0;
			defaultConfigurationName = Release;
		};
		EF6E48AD264129FE0088F834 /* Build configuration list for PBXNativeTarget "LeetCode-May2021" */ = {
			isa = XCConfigurationList;
			buildConfigurations = (
				EF6E48AE264129FE0088F834 /* Debug */,
				EF6E48AF264129FE0088F834 /* Release */,
			);
			defaultConfigurationIsVisible = 0;
			defaultConfigurationName = Release;
		};
		EF6E48B0264129FE0088F834 /* Build configuration list for PBXNativeTarget "LeetCode-May2021Tests" */ = {
			isa = XCConfigurationList;
			buildConfigurations = (
				EF6E48B1264129FE0088F834 /* Debug */,
				EF6E48B2264129FE0088F834 /* Release */,
			);
			defaultConfigurationIsVisible = 0;
			defaultConfigurationName = Release;
		};
		EF6E48B3264129FE0088F834 /* Build configuration list for PBXNativeTarget "LeetCode-May2021UITests" */ = {
			isa = XCConfigurationList;
			buildConfigurations = (
				EF6E48B4264129FE0088F834 /* Debug */,
				EF6E48B5264129FE0088F834 /* Release */,
			);
			defaultConfigurationIsVisible = 0;
			defaultConfigurationName = Release;
		};
/* End XCConfigurationList section */
	};
	rootObject = EF6E4880264129FC0088F834 /* Project object */;
}
